// !$*UTF8*$!
{
	archiveVersion = 1;
	classes = {
	};
	objectVersion = 46;
	objects = {

/* Begin PBXBuildFile section */
		5507966A1DD52DE400C89CE8 /* s4.cpp in Sources */ = {isa = PBXBuildFile; fileRef = 55FE921D1DD479FA00ACED2E /* s4.cpp */; };
		551D5DEC1DCFB18400811964 /* s3.cpp in Sources */ = {isa = PBXBuildFile; fileRef = 551D5DEB1DCFB18300811964 /* s3.cpp */; };
		551F44181DCC4A7700A89CE0 /* s2.cpp in Sources */ = {isa = PBXBuildFile; fileRef = 551F44171DCC4A7700A89CE0 /* s2.cpp */; };
		55B3FF3A1DC2B4CA00E44428 /* s1.cpp in Sources */ = {isa = PBXBuildFile; fileRef = 55B3FF391DC2B4CA00E44428 /* s1.cpp */; };
		55B3FF421DC2B58500E44428 /* Image.cpp in Sources */ = {isa = PBXBuildFile; fileRef = 55B3FF401DC2B58500E44428 /* Image.cpp */; };
/* End PBXBuildFile section */

/* Begin PBXCopyFilesBuildPhase section */
		55B3FF341DC2B4CA00E44428 /* CopyFiles */ = {
			isa = PBXCopyFilesBuildPhase;
			buildActionMask = 2147483647;
			dstPath = /usr/share/man/man1/;
			dstSubfolderSpec = 0;
			files = (
			);
			runOnlyForDeploymentPostprocessing = 1;
		};
/* End PBXCopyFilesBuildPhase section */

/* Begin PBXFileReference section */
		551D5DEB1DCFB18300811964 /* s3.cpp */ = {isa = PBXFileReference; fileEncoding = 4; lastKnownFileType = sourcecode.cpp.cpp; path = s3.cpp; sourceTree = "<group>"; };
		551F44171DCC4A7700A89CE0 /* s2.cpp */ = {isa = PBXFileReference; fileEncoding = 4; lastKnownFileType = sourcecode.cpp.cpp; path = s2.cpp; sourceTree = "<group>"; };
		55B3FF361DC2B4CA00E44428 /* VisionProject4 */ = {isa = PBXFileReference; explicitFileType = "compiled.mach-o.executable"; includeInIndex = 0; path = VisionProject4; sourceTree = BUILT_PRODUCTS_DIR; };
		55B3FF391DC2B4CA00E44428 /* s1.cpp */ = {isa = PBXFileReference; lastKnownFileType = sourcecode.cpp.cpp; path = s1.cpp; sourceTree = "<group>"; };
		55B3FF401DC2B58500E44428 /* Image.cpp */ = {isa = PBXFileReference; fileEncoding = 4; lastKnownFileType = sourcecode.cpp.cpp; path = Image.cpp; sourceTree = "<group>"; };
		55B3FF411DC2B58500E44428 /* Image.h */ = {isa = PBXFileReference; fileEncoding = 4; lastKnownFileType = sourcecode.c.h; path = Image.h; sourceTree = "<group>"; };
		55FE921D1DD479FA00ACED2E /* s4.cpp */ = {isa = PBXFileReference; fileEncoding = 4; lastKnownFileType = sourcecode.cpp.cpp; path = s4.cpp; sourceTree = "<group>"; };
/* End PBXFileReference section */

/* Begin PBXFrameworksBuildPhase section */
		55B3FF331DC2B4CA00E44428 /* Frameworks */ = {
			isa = PBXFrameworksBuildPhase;
			buildActionMask = 2147483647;
			files = (
			);
			runOnlyForDeploymentPostprocessing = 0;
		};
/* End PBXFrameworksBuildPhase section */

/* Begin PBXGroup section */
		55B3FF2D1DC2B4CA00E44428 = {
			isa = PBXGroup;
			children = (
				55B3FF381DC2B4CA00E44428 /* VisionProject4 */,
				55B3FF371DC2B4CA00E44428 /* Products */,
			);
			sourceTree = "<group>";
		};
		55B3FF371DC2B4CA00E44428 /* Products */ = {
			isa = PBXGroup;
			children = (
				55B3FF361DC2B4CA00E44428 /* VisionProject4 */,
			);
			name = Products;
			sourceTree = "<group>";
		};
		55B3FF381DC2B4CA00E44428 /* VisionProject4 */ = {
			isa = PBXGroup;
			children = (
				55B3FF401DC2B58500E44428 /* Image.cpp */,
				55B3FF411DC2B58500E44428 /* Image.h */,
				55B3FF391DC2B4CA00E44428 /* s1.cpp */,
				551F44171DCC4A7700A89CE0 /* s2.cpp */,
				551D5DEB1DCFB18300811964 /* s3.cpp */,
				55FE921D1DD479FA00ACED2E /* s4.cpp */,
			);
			path = VisionProject4;
			sourceTree = "<group>";
		};
/* End PBXGroup section */

/* Begin PBXNativeTarget section */
		55B3FF351DC2B4CA00E44428 /* VisionProject4 */ = {
			isa = PBXNativeTarget;
			buildConfigurationList = 55B3FF3D1DC2B4CA00E44428 /* Build configuration list for PBXNativeTarget "VisionProject4" */;
			buildPhases = (
				55B3FF321DC2B4CA00E44428 /* Sources */,
				55B3FF331DC2B4CA00E44428 /* Frameworks */,
				55B3FF341DC2B4CA00E44428 /* CopyFiles */,
			);
			buildRules = (
			);
			dependencies = (
			);
			name = VisionProject4;
			productName = VisionProject4;
			productReference = 55B3FF361DC2B4CA00E44428 /* VisionProject4 */;
			productType = "com.apple.product-type.tool";
		};
/* End PBXNativeTarget section */

/* Begin PBXProject section */
		55B3FF2E1DC2B4CA00E44428 /* Project object */ = {
			isa = PBXProject;
			attributes = {
				LastUpgradeCheck = 0810;
				ORGANIZATIONNAME = "Elizabeth Kelly";
				TargetAttributes = {
					55B3FF351DC2B4CA00E44428 = {
						CreatedOnToolsVersion = 8.0;
						ProvisioningStyle = Automatic;
					};
				};
			};
			buildConfigurationList = 55B3FF311DC2B4CA00E44428 /* Build configuration list for PBXProject "VisionProject4" */;
			compatibilityVersion = "Xcode 3.2";
			developmentRegion = English;
			hasScannedForEncodings = 0;
			knownRegions = (
				en,
			);
			mainGroup = 55B3FF2D1DC2B4CA00E44428;
			productRefGroup = 55B3FF371DC2B4CA00E44428 /* Products */;
			projectDirPath = "";
			projectRoot = "";
			targets = (
				55B3FF351DC2B4CA00E44428 /* VisionProject4 */,
			);
		};
/* End PBXProject section */

/* Begin PBXSourcesBuildPhase section */
		55B3FF321DC2B4CA00E44428 /* Sources */ = {
			isa = PBXSourcesBuildPhase;
			buildActionMask = 2147483647;
			files = (
				5507966A1DD52DE400C89CE8 /* s4.cpp in Sources */,
				551F44181DCC4A7700A89CE0 /* s2.cpp in Sources */,
				551D5DEC1DCFB18400811964 /* s3.cpp in Sources */,
				55B3FF3A1DC2B4CA00E44428 /* s1.cpp in Sources */,
				55B3FF421DC2B58500E44428 /* Image.cpp in Sources */,
			);
			runOnlyForDeploymentPostprocessing = 0;
		};
/* End PBXSourcesBuildPhase section */

/* Begin XCBuildConfiguration section */
		55B3FF3B1DC2B4CA00E44428 /* Debug */ = {
			isa = XCBuildConfiguration;
			buildSettings = {
				ALWAYS_SEARCH_USER_PATHS = NO;
				CLANG_ANALYZER_NONNULL = YES;
				CLANG_CXX_LANGUAGE_STANDARD = "gnu++0x";
				CLANG_CXX_LIBRARY = "libc++";
				CLANG_ENABLE_MODULES = YES;
				CLANG_ENABLE_OBJC_ARC = YES;
				CLANG_WARN_BOOL_CONVERSION = YES;
				CLANG_WARN_CONSTANT_CONVERSION = YES;
				CLANG_WARN_DIRECT_OBJC_ISA_USAGE = YES_ERROR;
				CLANG_WARN_DOCUMENTATION_COMMENTS = YES;
				CLANG_WARN_EMPTY_BODY = YES;
				CLANG_WARN_ENUM_CONVERSION = YES;
				CLANG_WARN_INFINITE_RECURSION = YES;
				CLANG_WARN_INT_CONVERSION = YES;
				CLANG_WARN_OBJC_ROOT_CLASS = YES_ERROR;
				CLANG_WARN_SUSPICIOUS_MOVE = YES;
				CLANG_WARN_SUSPICIOUS_MOVES = YES;
				CLANG_WARN_UNREACHABLE_CODE = YES;
				CLANG_WARN__DUPLICATE_METHOD_MATCH = YES;
				CODE_SIGN_IDENTITY = "-";
				COPY_PHASE_STRIP = NO;
				DEBUG_INFORMATION_FORMAT = dwarf;
				ENABLE_STRICT_OBJC_MSGSEND = YES;
				ENABLE_TESTABILITY = YES;
				GCC_C_LANGUAGE_STANDARD = gnu99;
				GCC_DYNAMIC_NO_PIC = NO;
				GCC_NO_COMMON_BLOCKS = YES;
				GCC_OPTIMIZATION_LEVEL = 0;
				GCC_PREPROCESSOR_DEFINITIONS = (
					"DEBUG=1",
					"$(inherited)",
				);
				GCC_WARN_64_TO_32_BIT_CONVERSION = YES;
				GCC_WARN_ABOUT_RETURN_TYPE = YES_ERROR;
				GCC_WARN_UNDECLARED_SELECTOR = YES;
				GCC_WARN_UNINITIALIZED_AUTOS = YES_AGGRESSIVE;
				GCC_WARN_UNUSED_FUNCTION = YES;
				GCC_WARN_UNUSED_VARIABLE = YES;
				MACOSX_DEPLOYMENT_TARGET = 10.12;
				MTL_ENABLE_DEBUG_INFO = YES;
				ONLY_ACTIVE_ARCH = YES;
				SDKROOT = macosx;
			};
			name = Debug;
		};
		55B3FF3C1DC2B4CA00E44428 /* Release */ = {
			isa = XCBuildConfiguration;
			buildSettings = {
				ALWAYS_SEARCH_USER_PATHS = NO;
				CLANG_ANALYZER_NONNULL = YES;
				CLANG_CXX_LANGUAGE_STANDARD = "gnu++0x";
				CLANG_CXX_LIBRARY = "libc++";
				CLANG_ENABLE_MODULES = YES;
				CLANG_ENABLE_OBJC_ARC = YES;
				CLANG_WARN_BOOL_CONVERSION = YES;
				CLANG_WARN_CONSTANT_CONVERSION = YES;
				CLANG_WARN_DIRECT_OBJC_ISA_USAGE = YES_ERROR;
				CLANG_WARN_DOCUMENTATION_COMMENTS = YES;
				CLANG_WARN_EMPTY_BODY = YES;
				CLANG_WARN_ENUM_CONVERSION = YES;
				CLANG_WARN_INFINITE_RECURSION = YES;
				CLANG_WARN_INT_CONVERSION = YES;
				CLANG_WARN_OBJC_ROOT_CLASS = YES_ERROR;
				CLANG_WARN_SUSPICIOUS_MOVE = YES;
				CLANG_WARN_SUSPICIOUS_MOVES = YES;
				CLANG_WARN_UNREACHABLE_CODE = YES;
				CLANG_WARN__DUPLICATE_METHOD_MATCH = YES;
				CODE_SIGN_IDENTITY = "-";
				COPY_PHASE_STRIP = NO;
				DEBUG_INFORMATION_FORMAT = "dwarf-with-dsym";
				ENABLE_NS_ASSERTIONS = NO;
				ENABLE_STRICT_OBJC_MSGSEND = YES;
				GCC_C_LANGUAGE_STANDARD = gnu99;
				GCC_NO_COMMON_BLOCKS = YES;
				GCC_WARN_64_TO_32_BIT_CONVERSION = YES;
				GCC_WARN_ABOUT_RETURN_TYPE = YES_ERROR;
				GCC_WARN_UNDECLARED_SELECTOR = YES;
				GCC_WARN_UNINITIALIZED_AUTOS = YES_AGGRESSIVE;
				GCC_WARN_UNUSED_FUNCTION = YES;
				GCC_WARN_UNUSED_VARIABLE = YES;
				MACOSX_DEPLOYMENT_TARGET = 10.12;
				MTL_ENABLE_DEBUG_INFO = NO;
				SDKROOT = macosx;
			};
			name = Release;
		};
		55B3FF3E1DC2B4CA00E44428 /* Debug */ = {
			isa = XCBuildConfiguration;
			buildSettings = {
				PRODUCT_NAME = "$(TARGET_NAME)";
			};
			name = Debug;
		};
		55B3FF3F1DC2B4CA00E44428 /* Release */ = {
			isa = XCBuildConfiguration;
			buildSettings = {
				PRODUCT_NAME = "$(TARGET_NAME)";
			};
			name = Release;
		};
/* End XCBuildConfiguration section */

/* Begin XCConfigurationList section */
		55B3FF311DC2B4CA00E44428 /* Build configuration list for PBXProject "VisionProject4" */ = {
			isa = XCConfigurationList;
			buildConfigurations = (
				55B3FF3B1DC2B4CA00E44428 /* Debug */,
				55B3FF3C1DC2B4CA00E44428 /* Release */,
			);
			defaultConfigurationIsVisible = 0;
			defaultConfigurationName = Release;
		};
		55B3FF3D1DC2B4CA00E44428 /* Build configuration list for PBXNativeTarget "VisionProject4" */ = {
			isa = XCConfigurationList;
			buildConfigurations = (
				55B3FF3E1DC2B4CA00E44428 /* Debug */,
				55B3FF3F1DC2B4CA00E44428 /* Release */,
			);
			defaultConfigurationIsVisible = 0;
			defaultConfigurationName = Release;
		};
/* End XCConfigurationList section */
	};
	rootObject = 55B3FF2E1DC2B4CA00E44428 /* Project object */;
}
